// !$*UTF8*$!
{
	archiveVersion = 1;
	classes = {
	};
	objectVersion = 46;
	objects = {

/* Begin PBXBuildFile section */
		AA2670FD1EAF437300519EC4 /* QuestionFactory.m in Sources */ = {isa = PBXBuildFile; fileRef = AA2670FC1EAF437300519EC4 /* QuestionFactory.m */; };
		AA2671001EAF450C00519EC4 /* SubtractionQuestion.m in Sources */ = {isa = PBXBuildFile; fileRef = AA2670FF1EAF450C00519EC4 /* SubtractionQuestion.m */; };
		AA2671031EAF471A00519EC4 /* AdditionQuestion.m in Sources */ = {isa = PBXBuildFile; fileRef = AA2671021EAF471A00519EC4 /* AdditionQuestion.m */; };
		AA2671071EAF488600519EC4 /* MultiplicationQuestion.m in Sources */ = {isa = PBXBuildFile; fileRef = AA2671061EAF488600519EC4 /* MultiplicationQuestion.m */; };
		AA26710A1EAF48CF00519EC4 /* DivisionQuestion.m in Sources */ = {isa = PBXBuildFile; fileRef = AA2671091EAF48CF00519EC4 /* DivisionQuestion.m */; };
		AAEA06F21EAD5B2F00CC75BA /* main.m in Sources */ = {isa = PBXBuildFile; fileRef = AAEA06F11EAD5B2F00CC75BA /* main.m */; };
		AAEA06FA1EAD5E1800CC75BA /* ScoreKeeper.m in Sources */ = {isa = PBXBuildFile; fileRef = AAEA06F91EAD5E1800CC75BA /* ScoreKeeper.m */; };
		AAEA06FD1EAD5E8500CC75BA /* InputHandler.m in Sources */ = {isa = PBXBuildFile; fileRef = AAEA06FC1EAD5E8500CC75BA /* InputHandler.m */; };
		AAEA07001EAD5F1500CC75BA /* Question.m in Sources */ = {isa = PBXBuildFile; fileRef = AAEA06FF1EAD5F1500CC75BA /* Question.m */; };
		AAEA07031EADEB7200CC75BA /* QuestionManager.m in Sources */ = {isa = PBXBuildFile; fileRef = AAEA07021EADEB7200CC75BA /* QuestionManager.m */; };
/* End PBXBuildFile section */

/* Begin PBXCopyFilesBuildPhase section */
		AAEA06EC1EAD5B2F00CC75BA /* CopyFiles */ = {
			isa = PBXCopyFilesBuildPhase;
			buildActionMask = 2147483647;
			dstPath = /usr/share/man/man1/;
			dstSubfolderSpec = 0;
			files = (
			);
			runOnlyForDeploymentPostprocessing = 1;
		};
/* End PBXCopyFilesBuildPhase section */

/* Begin PBXFileReference section */
		AA2670FB1EAF437300519EC4 /* QuestionFactory.h */ = {isa = PBXFileReference; fileEncoding = 4; lastKnownFileType = sourcecode.c.h; path = QuestionFactory.h; sourceTree = "<group>"; };
		AA2670FC1EAF437300519EC4 /* QuestionFactory.m */ = {isa = PBXFileReference; fileEncoding = 4; lastKnownFileType = sourcecode.c.objc; path = QuestionFactory.m; sourceTree = "<group>"; };
		AA2670FE1EAF450C00519EC4 /* SubtractionQuestion.h */ = {isa = PBXFileReference; fileEncoding = 4; lastKnownFileType = sourcecode.c.h; path = SubtractionQuestion.h; sourceTree = "<group>"; };
		AA2670FF1EAF450C00519EC4 /* SubtractionQuestion.m */ = {isa = PBXFileReference; fileEncoding = 4; lastKnownFileType = sourcecode.c.objc; path = SubtractionQuestion.m; sourceTree = "<group>"; };
		AA2671011EAF471A00519EC4 /* AdditionQuestion.h */ = {isa = PBXFileReference; fileEncoding = 4; lastKnownFileType = sourcecode.c.h; path = AdditionQuestion.h; sourceTree = "<group>"; };
		AA2671021EAF471A00519EC4 /* AdditionQuestion.m */ = {isa = PBXFileReference; fileEncoding = 4; lastKnownFileType = sourcecode.c.objc; path = AdditionQuestion.m; sourceTree = "<group>"; };
		AA2671051EAF488600519EC4 /* MultiplicationQuestion.h */ = {isa = PBXFileReference; fileEncoding = 4; lastKnownFileType = sourcecode.c.h; path = MultiplicationQuestion.h; sourceTree = "<group>"; };
		AA2671061EAF488600519EC4 /* MultiplicationQuestion.m */ = {isa = PBXFileReference; fileEncoding = 4; lastKnownFileType = sourcecode.c.objc; path = MultiplicationQuestion.m; sourceTree = "<group>"; };
		AA2671081EAF48CF00519EC4 /* DivisionQuestion.h */ = {isa = PBXFileReference; fileEncoding = 4; lastKnownFileType = sourcecode.c.h; path = DivisionQuestion.h; sourceTree = "<group>"; };
		AA2671091EAF48CF00519EC4 /* DivisionQuestion.m */ = {isa = PBXFileReference; fileEncoding = 4; lastKnownFileType = sourcecode.c.objc; path = DivisionQuestion.m; sourceTree = "<group>"; };
		AAEA06EE1EAD5B2F00CC75BA /* Obj-C-107 */ = {isa = PBXFileReference; explicitFileType = "compiled.mach-o.executable"; includeInIndex = 0; path = "Obj-C-107"; sourceTree = BUILT_PRODUCTS_DIR; };
		AAEA06F11EAD5B2F00CC75BA /* main.m */ = {isa = PBXFileReference; lastKnownFileType = sourcecode.c.objc; path = main.m; sourceTree = "<group>"; };
		AAEA06F81EAD5E1800CC75BA /* ScoreKeeper.h */ = {isa = PBXFileReference; fileEncoding = 4; lastKnownFileType = sourcecode.c.h; path = ScoreKeeper.h; sourceTree = "<group>"; };
		AAEA06F91EAD5E1800CC75BA /* ScoreKeeper.m */ = {isa = PBXFileReference; fileEncoding = 4; lastKnownFileType = sourcecode.c.objc; path = ScoreKeeper.m; sourceTree = "<group>"; };
		AAEA06FB1EAD5E8500CC75BA /* InputHandler.h */ = {isa = PBXFileReference; fileEncoding = 4; lastKnownFileType = sourcecode.c.h; path = InputHandler.h; sourceTree = "<group>"; };
		AAEA06FC1EAD5E8500CC75BA /* InputHandler.m */ = {isa = PBXFileReference; fileEncoding = 4; lastKnownFileType = sourcecode.c.objc; path = InputHandler.m; sourceTree = "<group>"; };
		AAEA06FE1EAD5F1500CC75BA /* Question.h */ = {isa = PBXFileReference; fileEncoding = 4; lastKnownFileType = sourcecode.c.h; path = Question.h; sourceTree = "<group>"; };
		AAEA06FF1EAD5F1500CC75BA /* Question.m */ = {isa = PBXFileReference; fileEncoding = 4; lastKnownFileType = sourcecode.c.objc; path = Question.m; sourceTree = "<group>"; };
		AAEA07011EADEB7200CC75BA /* QuestionManager.h */ = {isa = PBXFileReference; fileEncoding = 4; lastKnownFileType = sourcecode.c.h; path = QuestionManager.h; sourceTree = "<group>"; };
		AAEA07021EADEB7200CC75BA /* QuestionManager.m */ = {isa = PBXFileReference; fileEncoding = 4; lastKnownFileType = sourcecode.c.objc; path = QuestionManager.m; sourceTree = "<group>"; };
/* End PBXFileReference section */

/* Begin PBXFrameworksBuildPhase section */
		AAEA06EB1EAD5B2F00CC75BA /* Frameworks */ = {
			isa = PBXFrameworksBuildPhase;
			buildActionMask = 2147483647;
			files = (
			);
			runOnlyForDeploymentPostprocessing = 0;
		};
/* End PBXFrameworksBuildPhase section */

/* Begin PBXGroup section */
		AA2671041EAF482F00519EC4 /* QuestionSubClass */ = {
			isa = PBXGroup;
			children = (
				AA2671011EAF471A00519EC4 /* AdditionQuestion.h */,
				AA2671021EAF471A00519EC4 /* AdditionQuestion.m */,
				AA2670FE1EAF450C00519EC4 /* SubtractionQuestion.h */,
				AA2670FF1EAF450C00519EC4 /* SubtractionQuestion.m */,
				AA2671051EAF488600519EC4 /* MultiplicationQuestion.h */,
				AA2671061EAF488600519EC4 /* MultiplicationQuestion.m */,
				AA2671081EAF48CF00519EC4 /* DivisionQuestion.h */,
				AA2671091EAF48CF00519EC4 /* DivisionQuestion.m */,
			);
			name = QuestionSubClass;
			sourceTree = "<group>";
		};
		AAEA06E51EAD5B2F00CC75BA = {
			isa = PBXGroup;
			children = (
				AAEA06F01EAD5B2F00CC75BA /* Obj-C-107 */,
				AAEA06EF1EAD5B2F00CC75BA /* Products */,
			);
			sourceTree = "<group>";
		};
		AAEA06EF1EAD5B2F00CC75BA /* Products */ = {
			isa = PBXGroup;
			children = (
				AAEA06EE1EAD5B2F00CC75BA /* Obj-C-107 */,
			);
			name = Products;
			sourceTree = "<group>";
		};
		AAEA06F01EAD5B2F00CC75BA /* Obj-C-107 */ = {
			isa = PBXGroup;
			children = (
				AAEA06F11EAD5B2F00CC75BA /* main.m */,
				AAEA06F81EAD5E1800CC75BA /* ScoreKeeper.h */,
				AAEA06F91EAD5E1800CC75BA /* ScoreKeeper.m */,
				AAEA06FB1EAD5E8500CC75BA /* InputHandler.h */,
				AAEA06FC1EAD5E8500CC75BA /* InputHandler.m */,
				AAEA06FE1EAD5F1500CC75BA /* Question.h */,
				AAEA06FF1EAD5F1500CC75BA /* Question.m */,
				AA2671041EAF482F00519EC4 /* QuestionSubClass */,
				AAEA07011EADEB7200CC75BA /* QuestionManager.h */,
				AAEA07021EADEB7200CC75BA /* QuestionManager.m */,
				AA2670FB1EAF437300519EC4 /* QuestionFactory.h */,
				AA2670FC1EAF437300519EC4 /* QuestionFactory.m */,
			);
			path = "Obj-C-107";
			sourceTree = "<group>";
		};
/* End PBXGroup section */

/* Begin PBXNativeTarget section */
		AAEA06ED1EAD5B2F00CC75BA /* Obj-C-107 */ = {
			isa = PBXNativeTarget;
			buildConfigurationList = AAEA06F51EAD5B2F00CC75BA /* Build configuration list for PBXNativeTarget "Obj-C-107" */;
			buildPhases = (
				AAEA06EA1EAD5B2F00CC75BA /* Sources */,
				AAEA06EB1EAD5B2F00CC75BA /* Frameworks */,
				AAEA06EC1EAD5B2F00CC75BA /* CopyFiles */,
			);
			buildRules = (
			);
			dependencies = (
			);
			name = "Obj-C-107";
			productName = "Obj-C-107";
			productReference = AAEA06EE1EAD5B2F00CC75BA /* Obj-C-107 */;
			productType = "com.apple.product-type.tool";
		};
/* End PBXNativeTarget section */

/* Begin PBXProject section */
		AAEA06E61EAD5B2F00CC75BA /* Project object */ = {
			isa = PBXProject;
			attributes = {
				LastUpgradeCheck = 0830;
				ORGANIZATIONNAME = "Michinobu Nishimoto";
				TargetAttributes = {
					AAEA06ED1EAD5B2F00CC75BA = {
						CreatedOnToolsVersion = 8.3.1;
						ProvisioningStyle = Automatic;
					};
				};
			};
			buildConfigurationList = AAEA06E91EAD5B2F00CC75BA /* Build configuration list for PBXProject "Obj-C-107" */;
			compatibilityVersion = "Xcode 3.2";
			developmentRegion = English;
			hasScannedForEncodings = 0;
			knownRegions = (
				en,
			);
			mainGroup = AAEA06E51EAD5B2F00CC75BA;
			productRefGroup = AAEA06EF1EAD5B2F00CC75BA /* Products */;
			projectDirPath = "";
			projectRoot = "";
			targets = (
				AAEA06ED1EAD5B2F00CC75BA /* Obj-C-107 */,
			);
		};
/* End PBXProject section */

/* Begin PBXSourcesBuildPhase section */
		AAEA06EA1EAD5B2F00CC75BA /* Sources */ = {
			isa = PBXSourcesBuildPhase;
			buildActionMask = 2147483647;
			files = (
				AA26710A1EAF48CF00519EC4 /* DivisionQuestion.m in Sources */,
				AA2670FD1EAF437300519EC4 /* QuestionFactory.m in Sources */,
				AA2671031EAF471A00519EC4 /* AdditionQuestion.m in Sources */,
				AAEA07031EADEB7200CC75BA /* QuestionManager.m in Sources */,
				AA2671001EAF450C00519EC4 /* SubtractionQuestion.m in Sources */,
				AAEA06FA1EAD5E1800CC75BA /* ScoreKeeper.m in Sources */,
				AAEA07001EAD5F1500CC75BA /* Question.m in Sources */,
				AA2671071EAF488600519EC4 /* MultiplicationQuestion.m in Sources */,
				AAEA06FD1EAD5E8500CC75BA /* InputHandler.m in Sources */,
				AAEA06F21EAD5B2F00CC75BA /* main.m in Sources */,
			);
			runOnlyForDeploymentPostprocessing = 0;
		};
/* End PBXSourcesBuildPhase section */

/* Begin XCBuildConfiguration section */
		AAEA06F31EAD5B2F00CC75BA /* Debug */ = {
			isa = XCBuildConfiguration;
			buildSettings = {
				ALWAYS_SEARCH_USER_PATHS = NO;
				CLANG_ANALYZER_NONNULL = YES;
				CLANG_ANALYZER_NUMBER_OBJECT_CONVERSION = YES_AGGRESSIVE;
				CLANG_CXX_LANGUAGE_STANDARD = "gnu++0x";
				CLANG_CXX_LIBRARY = "libc++";
				CLANG_ENABLE_MODULES = YES;
				CLANG_ENABLE_OBJC_ARC = YES;
				CLANG_WARN_BOOL_CONVERSION = YES;
				CLANG_WARN_CONSTANT_CONVERSION = YES;
				CLANG_WARN_DIRECT_OBJC_ISA_USAGE = YES_ERROR;
				CLANG_WARN_DOCUMENTATION_COMMENTS = YES;
				CLANG_WARN_EMPTY_BODY = YES;
				CLANG_WARN_ENUM_CONVERSION = YES;
				CLANG_WARN_INFINITE_RECURSION = YES;
				CLANG_WARN_INT_CONVERSION = YES;
				CLANG_WARN_OBJC_ROOT_CLASS = YES_ERROR;
				CLANG_WARN_SUSPICIOUS_MOVE = YES;
				CLANG_WARN_UNREACHABLE_CODE = YES;
				CLANG_WARN__DUPLICATE_METHOD_MATCH = YES;
				CODE_SIGN_IDENTITY = "-";
				COPY_PHASE_STRIP = NO;
				DEBUG_INFORMATION_FORMAT = dwarf;
				ENABLE_STRICT_OBJC_MSGSEND = YES;
				ENABLE_TESTABILITY = YES;
				GCC_C_LANGUAGE_STANDARD = gnu99;
				GCC_DYNAMIC_NO_PIC = NO;
				GCC_NO_COMMON_BLOCKS = YES;
				GCC_OPTIMIZATION_LEVEL = 0;
				GCC_PREPROCESSOR_DEFINITIONS = (
					"DEBUG=1",
					"$(inherited)",
				);
				GCC_WARN_64_TO_32_BIT_CONVERSION = YES;
				GCC_WARN_ABOUT_RETURN_TYPE = YES_ERROR;
				GCC_WARN_UNDECLARED_SELECTOR = YES;
				GCC_WARN_UNINITIALIZED_AUTOS = YES_AGGRESSIVE;
				GCC_WARN_UNUSED_FUNCTION = YES;
				GCC_WARN_UNUSED_VARIABLE = YES;
				MACOSX_DEPLOYMENT_TARGET = 10.12;
				MTL_ENABLE_DEBUG_INFO = YES;
				ONLY_ACTIVE_ARCH = YES;
				SDKROOT = macosx;
			};
			name = Debug;
		};
		AAEA06F41EAD5B2F00CC75BA /* Release */ = {
			isa = XCBuildConfiguration;
			buildSettings = {
				ALWAYS_SEARCH_USER_PATHS = NO;
				CLANG_ANALYZER_NONNULL = YES;
				CLANG_ANALYZER_NUMBER_OBJECT_CONVERSION = YES_AGGRESSIVE;
				CLANG_CXX_LANGUAGE_STANDARD = "gnu++0x";
				CLANG_CXX_LIBRARY = "libc++";
				CLANG_ENABLE_MODULES = YES;
				CLANG_ENABLE_OBJC_ARC = YES;
				CLANG_WARN_BOOL_CONVERSION = YES;
				CLANG_WARN_CONSTANT_CONVERSION = YES;
				CLANG_WARN_DIRECT_OBJC_ISA_USAGE = YES_ERROR;
				CLANG_WARN_DOCUMENTATION_COMMENTS = YES;
				CLANG_WARN_EMPTY_BODY = YES;
				CLANG_WARN_ENUM_CONVERSION = YES;
				CLANG_WARN_INFINITE_RECURSION = YES;
				CLANG_WARN_INT_CONVERSION = YES;
				CLANG_WARN_OBJC_ROOT_CLASS = YES_ERROR;
				CLANG_WARN_SUSPICIOUS_MOVE = YES;
				CLANG_WARN_UNREACHABLE_CODE = YES;
				CLANG_WARN__DUPLICATE_METHOD_MATCH = YES;
				CODE_SIGN_IDENTITY = "-";
				COPY_PHASE_STRIP = NO;
				DEBUG_INFORMATION_FORMAT = "dwarf-with-dsym";
				ENABLE_NS_ASSERTIONS = NO;
				ENABLE_STRICT_OBJC_MSGSEND = YES;
				GCC_C_LANGUAGE_STANDARD = gnu99;
				GCC_NO_COMMON_BLOCKS = YES;
				GCC_WARN_64_TO_32_BIT_CONVERSION = YES;
				GCC_WARN_ABOUT_RETURN_TYPE = YES_ERROR;
				GCC_WARN_UNDECLARED_SELECTOR = YES;
				GCC_WARN_UNINITIALIZED_AUTOS = YES_AGGRESSIVE;
				GCC_WARN_UNUSED_FUNCTION = YES;
				GCC_WARN_UNUSED_VARIABLE = YES;
				MACOSX_DEPLOYMENT_TARGET = 10.12;
				MTL_ENABLE_DEBUG_INFO = NO;
				SDKROOT = macosx;
			};
			name = Release;
		};
		AAEA06F61EAD5B2F00CC75BA /* Debug */ = {
			isa = XCBuildConfiguration;
			buildSettings = {
				PRODUCT_NAME = "$(TARGET_NAME)";
			};
			name = Debug;
		};
		AAEA06F71EAD5B2F00CC75BA /* Release */ = {
			isa = XCBuildConfiguration;
			buildSettings = {
				PRODUCT_NAME = "$(TARGET_NAME)";
			};
			name = Release;
		};
/* End XCBuildConfiguration section */

/* Begin XCConfigurationList section */
		AAEA06E91EAD5B2F00CC75BA /* Build configuration list for PBXProject "Obj-C-107" */ = {
			isa = XCConfigurationList;
			buildConfigurations = (
				AAEA06F31EAD5B2F00CC75BA /* Debug */,
				AAEA06F41EAD5B2F00CC75BA /* Release */,
			);
			defaultConfigurationIsVisible = 0;
			defaultConfigurationName = Release;
		};
		AAEA06F51EAD5B2F00CC75BA /* Build configuration list for PBXNativeTarget "Obj-C-107" */ = {
			isa = XCConfigurationList;
			buildConfigurations = (
				AAEA06F61EAD5B2F00CC75BA /* Debug */,
				AAEA06F71EAD5B2F00CC75BA /* Release */,
			);
			defaultConfigurationIsVisible = 0;
			defaultConfigurationName = Release;
		};
/* End XCConfigurationList section */
	};
	rootObject = AAEA06E61EAD5B2F00CC75BA /* Project object */;
}
