// !$*UTF8*$!
{
	archiveVersion = 1;
	classes = {
	};
	objectVersion = 46;
	objects = {

/* Begin PBXBuildFile section */
		AAEA06D61EAC07F700CC75BA /* main.m in Sources */ = {isa = PBXBuildFile; fileRef = AAEA06D51EAC07F700CC75BA /* main.m */; };
		AAEA06DE1EAC088D00CC75BA /* InputCollector.m in Sources */ = {isa = PBXBuildFile; fileRef = AAEA06DD1EAC088D00CC75BA /* InputCollector.m */; };
		AAEA06E11EAC10E100CC75BA /* Contact.m in Sources */ = {isa = PBXBuildFile; fileRef = AAEA06E01EAC10E100CC75BA /* Contact.m */; };
		AAEA06E41EACB4DE00CC75BA /* ContactList.m in Sources */ = {isa = PBXBuildFile; fileRef = AAEA06E31EACB4DE00CC75BA /* ContactList.m */; };
/* End PBXBuildFile section */

/* Begin PBXCopyFilesBuildPhase section */
		AAEA06D01EAC07F700CC75BA /* CopyFiles */ = {
			isa = PBXCopyFilesBuildPhase;
			buildActionMask = 2147483647;
			dstPath = /usr/share/man/man1/;
			dstSubfolderSpec = 0;
			files = (
			);
			runOnlyForDeploymentPostprocessing = 1;
		};
/* End PBXCopyFilesBuildPhase section */

/* Begin PBXFileReference section */
		AAEA06D21EAC07F700CC75BA /* Obj-C-106 */ = {isa = PBXFileReference; explicitFileType = "compiled.mach-o.executable"; includeInIndex = 0; path = "Obj-C-106"; sourceTree = BUILT_PRODUCTS_DIR; };
		AAEA06D51EAC07F700CC75BA /* main.m */ = {isa = PBXFileReference; lastKnownFileType = sourcecode.c.objc; path = main.m; sourceTree = "<group>"; };
		AAEA06DC1EAC088D00CC75BA /* InputCollector.h */ = {isa = PBXFileReference; fileEncoding = 4; lastKnownFileType = sourcecode.c.h; path = InputCollector.h; sourceTree = "<group>"; };
		AAEA06DD1EAC088D00CC75BA /* InputCollector.m */ = {isa = PBXFileReference; fileEncoding = 4; lastKnownFileType = sourcecode.c.objc; path = InputCollector.m; sourceTree = "<group>"; };
		AAEA06DF1EAC10E100CC75BA /* Contact.h */ = {isa = PBXFileReference; fileEncoding = 4; lastKnownFileType = sourcecode.c.h; path = Contact.h; sourceTree = "<group>"; };
		AAEA06E01EAC10E100CC75BA /* Contact.m */ = {isa = PBXFileReference; fileEncoding = 4; lastKnownFileType = sourcecode.c.objc; path = Contact.m; sourceTree = "<group>"; };
		AAEA06E21EACB4DE00CC75BA /* ContactList.h */ = {isa = PBXFileReference; fileEncoding = 4; lastKnownFileType = sourcecode.c.h; path = ContactList.h; sourceTree = "<group>"; };
		AAEA06E31EACB4DE00CC75BA /* ContactList.m */ = {isa = PBXFileReference; fileEncoding = 4; lastKnownFileType = sourcecode.c.objc; path = ContactList.m; sourceTree = "<group>"; };
/* End PBXFileReference section */

/* Begin PBXFrameworksBuildPhase section */
		AAEA06CF1EAC07F700CC75BA /* Frameworks */ = {
			isa = PBXFrameworksBuildPhase;
			buildActionMask = 2147483647;
			files = (
			);
			runOnlyForDeploymentPostprocessing = 0;
		};
/* End PBXFrameworksBuildPhase section */

/* Begin PBXGroup section */
		AAEA06C91EAC07F700CC75BA = {
			isa = PBXGroup;
			children = (
				AAEA06D41EAC07F700CC75BA /* Obj-C-106 */,
				AAEA06D31EAC07F700CC75BA /* Products */,
			);
			sourceTree = "<group>";
		};
		AAEA06D31EAC07F700CC75BA /* Products */ = {
			isa = PBXGroup;
			children = (
				AAEA06D21EAC07F700CC75BA /* Obj-C-106 */,
			);
			name = Products;
			sourceTree = "<group>";
		};
		AAEA06D41EAC07F700CC75BA /* Obj-C-106 */ = {
			isa = PBXGroup;
			children = (
				AAEA06D51EAC07F700CC75BA /* main.m */,
				AAEA06DC1EAC088D00CC75BA /* InputCollector.h */,
				AAEA06DD1EAC088D00CC75BA /* InputCollector.m */,
				AAEA06DF1EAC10E100CC75BA /* Contact.h */,
				AAEA06E01EAC10E100CC75BA /* Contact.m */,
				AAEA06E21EACB4DE00CC75BA /* ContactList.h */,
				AAEA06E31EACB4DE00CC75BA /* ContactList.m */,
			);
			path = "Obj-C-106";
			sourceTree = "<group>";
		};
/* End PBXGroup section */

/* Begin PBXNativeTarget section */
		AAEA06D11EAC07F700CC75BA /* Obj-C-106 */ = {
			isa = PBXNativeTarget;
			buildConfigurationList = AAEA06D91EAC07F700CC75BA /* Build configuration list for PBXNativeTarget "Obj-C-106" */;
			buildPhases = (
				AAEA06CE1EAC07F700CC75BA /* Sources */,
				AAEA06CF1EAC07F700CC75BA /* Frameworks */,
				AAEA06D01EAC07F700CC75BA /* CopyFiles */,
			);
			buildRules = (
			);
			dependencies = (
			);
			name = "Obj-C-106";
			productName = "Obj-C-106";
			productReference = AAEA06D21EAC07F700CC75BA /* Obj-C-106 */;
			productType = "com.apple.product-type.tool";
		};
/* End PBXNativeTarget section */

/* Begin PBXProject section */
		AAEA06CA1EAC07F700CC75BA /* Project object */ = {
			isa = PBXProject;
			attributes = {
				LastUpgradeCheck = 0830;
				ORGANIZATIONNAME = "Michinobu Nishimoto";
				TargetAttributes = {
					AAEA06D11EAC07F700CC75BA = {
						CreatedOnToolsVersion = 8.3.1;
						ProvisioningStyle = Automatic;
					};
				};
			};
			buildConfigurationList = AAEA06CD1EAC07F700CC75BA /* Build configuration list for PBXProject "Obj-C-106" */;
			compatibilityVersion = "Xcode 3.2";
			developmentRegion = English;
			hasScannedForEncodings = 0;
			knownRegions = (
				en,
			);
			mainGroup = AAEA06C91EAC07F700CC75BA;
			productRefGroup = AAEA06D31EAC07F700CC75BA /* Products */;
			projectDirPath = "";
			projectRoot = "";
			targets = (
				AAEA06D11EAC07F700CC75BA /* Obj-C-106 */,
			);
		};
/* End PBXProject section */

/* Begin PBXSourcesBuildPhase section */
		AAEA06CE1EAC07F700CC75BA /* Sources */ = {
			isa = PBXSourcesBuildPhase;
			buildActionMask = 2147483647;
			files = (
				AAEA06E41EACB4DE00CC75BA /* ContactList.m in Sources */,
				AAEA06DE1EAC088D00CC75BA /* InputCollector.m in Sources */,
				AAEA06E11EAC10E100CC75BA /* Contact.m in Sources */,
				AAEA06D61EAC07F700CC75BA /* main.m in Sources */,
			);
			runOnlyForDeploymentPostprocessing = 0;
		};
/* End PBXSourcesBuildPhase section */

/* Begin XCBuildConfiguration section */
		AAEA06D71EAC07F700CC75BA /* Debug */ = {
			isa = XCBuildConfiguration;
			buildSettings = {
				ALWAYS_SEARCH_USER_PATHS = NO;
				CLANG_ANALYZER_NONNULL = YES;
				CLANG_ANALYZER_NUMBER_OBJECT_CONVERSION = YES_AGGRESSIVE;
				CLANG_CXX_LANGUAGE_STANDARD = "gnu++0x";
				CLANG_CXX_LIBRARY = "libc++";
				CLANG_ENABLE_MODULES = YES;
				CLANG_ENABLE_OBJC_ARC = YES;
				CLANG_WARN_BOOL_CONVERSION = YES;
				CLANG_WARN_CONSTANT_CONVERSION = YES;
				CLANG_WARN_DIRECT_OBJC_ISA_USAGE = YES_ERROR;
				CLANG_WARN_DOCUMENTATION_COMMENTS = YES;
				CLANG_WARN_EMPTY_BODY = YES;
				CLANG_WARN_ENUM_CONVERSION = YES;
				CLANG_WARN_INFINITE_RECURSION = YES;
				CLANG_WARN_INT_CONVERSION = YES;
				CLANG_WARN_OBJC_ROOT_CLASS = YES_ERROR;
				CLANG_WARN_SUSPICIOUS_MOVE = YES;
				CLANG_WARN_UNREACHABLE_CODE = YES;
				CLANG_WARN__DUPLICATE_METHOD_MATCH = YES;
				CODE_SIGN_IDENTITY = "-";
				COPY_PHASE_STRIP = NO;
				DEBUG_INFORMATION_FORMAT = dwarf;
				ENABLE_STRICT_OBJC_MSGSEND = YES;
				ENABLE_TESTABILITY = YES;
				GCC_C_LANGUAGE_STANDARD = gnu99;
				GCC_DYNAMIC_NO_PIC = NO;
				GCC_NO_COMMON_BLOCKS = YES;
				GCC_OPTIMIZATION_LEVEL = 0;
				GCC_PREPROCESSOR_DEFINITIONS = (
					"DEBUG=1",
					"$(inherited)",
				);
				GCC_WARN_64_TO_32_BIT_CONVERSION = YES;
				GCC_WARN_ABOUT_RETURN_TYPE = YES_ERROR;
				GCC_WARN_UNDECLARED_SELECTOR = YES;
				GCC_WARN_UNINITIALIZED_AUTOS = YES_AGGRESSIVE;
				GCC_WARN_UNUSED_FUNCTION = YES;
				GCC_WARN_UNUSED_VARIABLE = YES;
				MACOSX_DEPLOYMENT_TARGET = 10.12;
				MTL_ENABLE_DEBUG_INFO = YES;
				ONLY_ACTIVE_ARCH = YES;
				SDKROOT = macosx;
			};
			name = Debug;
		};
		AAEA06D81EAC07F700CC75BA /* Release */ = {
			isa = XCBuildConfiguration;
			buildSettings = {
				ALWAYS_SEARCH_USER_PATHS = NO;
				CLANG_ANALYZER_NONNULL = YES;
				CLANG_ANALYZER_NUMBER_OBJECT_CONVERSION = YES_AGGRESSIVE;
				CLANG_CXX_LANGUAGE_STANDARD = "gnu++0x";
				CLANG_CXX_LIBRARY = "libc++";
				CLANG_ENABLE_MODULES = YES;
				CLANG_ENABLE_OBJC_ARC = YES;
				CLANG_WARN_BOOL_CONVERSION = YES;
				CLANG_WARN_CONSTANT_CONVERSION = YES;
				CLANG_WARN_DIRECT_OBJC_ISA_USAGE = YES_ERROR;
				CLANG_WARN_DOCUMENTATION_COMMENTS = YES;
				CLANG_WARN_EMPTY_BODY = YES;
				CLANG_WARN_ENUM_CONVERSION = YES;
				CLANG_WARN_INFINITE_RECURSION = YES;
				CLANG_WARN_INT_CONVERSION = YES;
				CLANG_WARN_OBJC_ROOT_CLASS = YES_ERROR;
				CLANG_WARN_SUSPICIOUS_MOVE = YES;
				CLANG_WARN_UNREACHABLE_CODE = YES;
				CLANG_WARN__DUPLICATE_METHOD_MATCH = YES;
				CODE_SIGN_IDENTITY = "-";
				COPY_PHASE_STRIP = NO;
				DEBUG_INFORMATION_FORMAT = "dwarf-with-dsym";
				ENABLE_NS_ASSERTIONS = NO;
				ENABLE_STRICT_OBJC_MSGSEND = YES;
				GCC_C_LANGUAGE_STANDARD = gnu99;
				GCC_NO_COMMON_BLOCKS = YES;
				GCC_WARN_64_TO_32_BIT_CONVERSION = YES;
				GCC_WARN_ABOUT_RETURN_TYPE = YES_ERROR;
				GCC_WARN_UNDECLARED_SELECTOR = YES;
				GCC_WARN_UNINITIALIZED_AUTOS = YES_AGGRESSIVE;
				GCC_WARN_UNUSED_FUNCTION = YES;
				GCC_WARN_UNUSED_VARIABLE = YES;
				MACOSX_DEPLOYMENT_TARGET = 10.12;
				MTL_ENABLE_DEBUG_INFO = NO;
				SDKROOT = macosx;
			};
			name = Release;
		};
		AAEA06DA1EAC07F700CC75BA /* Debug */ = {
			isa = XCBuildConfiguration;
			buildSettings = {
				PRODUCT_NAME = "$(TARGET_NAME)";
			};
			name = Debug;
		};
		AAEA06DB1EAC07F700CC75BA /* Release */ = {
			isa = XCBuildConfiguration;
			buildSettings = {
				PRODUCT_NAME = "$(TARGET_NAME)";
			};
			name = Release;
		};
/* End XCBuildConfiguration section */

/* Begin XCConfigurationList section */
		AAEA06CD1EAC07F700CC75BA /* Build configuration list for PBXProject "Obj-C-106" */ = {
			isa = XCConfigurationList;
			buildConfigurations = (
				AAEA06D71EAC07F700CC75BA /* Debug */,
				AAEA06D81EAC07F700CC75BA /* Release */,
			);
			defaultConfigurationIsVisible = 0;
			defaultConfigurationName = Release;
		};
		AAEA06D91EAC07F700CC75BA /* Build configuration list for PBXNativeTarget "Obj-C-106" */ = {
			isa = XCConfigurationList;
			buildConfigurations = (
				AAEA06DA1EAC07F700CC75BA /* Debug */,
				AAEA06DB1EAC07F700CC75BA /* Release */,
			);
			defaultConfigurationIsVisible = 0;
		};
/* End XCConfigurationList section */
	};
	rootObject = AAEA06CA1EAC07F700CC75BA /* Project object */;
}
